
Microsoft Visual Studio Solution File, Format Version 12.00
# Visual Studio Version 16
VisualStudioVersion = 16.0.31702.278
MinimumVisualStudioVersion = 10.0.40219.1
Project("{FAE04EC0-301F-11D3-BF4B-00C04F79EFBC}") = "FullStackExampleProject", "FullStackExampleProject\FullStackExampleProject.csproj", "{F2C9FE8D-6938-48E6-ACE5-6AD78A8878EE}"
EndProject
Global
	GlobalSection(SolutionConfigurationPlatforms) = preSolution
		Debug|Any CPU = Debug|Any CPU
		Release|Any CPU = Release|Any CPU
	EndGlobalSection
	GlobalSection(ProjectConfigurationPlatforms) = postSolution
		{F2C9FE8D-6938-48E6-ACE5-6AD78A8878EE}.Debug|Any CPU.ActiveCfg = Debug|Any CPU
		{F2C9FE8D-6938-48E6-ACE5-6AD78A8878EE}.Debug|Any CPU.Build.0 = Debug|Any CPU
		{F2C9FE8D-6938-48E6-ACE5-6AD78A8878EE}.Release|Any CPU.ActiveCfg = Release|Any CPU
		{F2C9FE8D-6938-48E6-ACE5-6AD78A8878EE}.Release|Any CPU.Build.0 = Release|Any CPU
	EndGlobalSection
	GlobalSection(SolutionProperties) = preSolution
		HideSolutionNode = FALSE
	EndGlobalSection
	GlobalSection(ExtensibilityGlobals) = postSolution
		SolutionGuid = {BBEA7B1A-0A3B-449E-8CBB-B3051843536D}
	EndGlobalSection
EndGlobal
